
Microsoft Visual Studio Solution File, Format Version 12.00
# Visual Studio 14
VisualStudioVersion = 14.0.25420.1
MinimumVisualStudioVersion = 10.0.40219.1
Project("{FAE04EC0-301F-11D3-BF4B-00C04F79EFBC}") = "ANBSysPro", "ANBSysPro\ANBSysPro.csproj", "{F9027929-D945-4AE6-BF22-866E79FC62DB}"
EndProject
Project("{FAE04EC0-301F-11D3-BF4B-00C04F79EFBC}") = "ANBSysProTest", "ANBSysProTest\ANBSysProTest.csproj", "{AD5A8746-297B-4A49-8A83-413A20B3A3B8}"
EndProject
Global
	GlobalSection(SolutionConfigurationPlatforms) = preSolution
		Debug|Any CPU = Debug|Any CPU
		Release|Any CPU = Release|Any CPU
	EndGlobalSection
	GlobalSection(ProjectConfigurationPlatforms) = postSolution
		{F9027929-D945-4AE6-BF22-866E79FC62DB}.Debug|Any CPU.ActiveCfg = Debug|Any CPU
		{F9027929-D945-4AE6-BF22-866E79FC62DB}.Debug|Any CPU.Build.0 = Debug|Any CPU
		{F9027929-D945-4AE6-BF22-866E79FC62DB}.Release|Any CPU.ActiveCfg = Release|Any CPU
		{F9027929-D945-4AE6-BF22-866E79FC62DB}.Release|Any CPU.Build.0 = Release|Any CPU
		{AD5A8746-297B-4A49-8A83-413A20B3A3B8}.Debug|Any CPU.ActiveCfg = Debug|Any CPU
		{AD5A8746-297B-4A49-8A83-413A20B3A3B8}.Debug|Any CPU.Build.0 = Debug|Any CPU
		{AD5A8746-297B-4A49-8A83-413A20B3A3B8}.Release|Any CPU.ActiveCfg = Release|Any CPU
		{AD5A8746-297B-4A49-8A83-413A20B3A3B8}.Release|Any CPU.Build.0 = Release|Any CPU
	EndGlobalSection
	GlobalSection(SolutionProperties) = preSolution
		HideSolutionNode = FALSE
	EndGlobalSection
EndGlobal
